
Microsoft Visual Studio Solution File, Format Version 12.00
# Visual Studio Version 17
VisualStudioVersion = 17.1.32210.238
MinimumVisualStudioVersion = 10.0.40219.1
Project("{9A19103F-16F7-4668-BE54-9A1E7A4F7556}") = "API", "API\API.csproj", "{20B0A94B-1429-48AD-A8DE-231BEBFC72C8}"
EndProject
Project("{9A19103F-16F7-4668-BE54-9A1E7A4F7556}") = "Core", "Core\Core.csproj", "{A4E00AA6-77CE-432B-B9A7-2272F6615746}"
EndProject
Project("{9A19103F-16F7-4668-BE54-9A1E7A4F7556}") = "Infrastructure", "Infrastructure\Infrastructure.csproj", "{C833019C-C702-4591-AE15-408AC026CE17}"
EndProject
Project("{2150E333-8FDC-42A3-9474-1A3956D46DE8}") = "Solution Items", "Solution Items", "{7716D725-FF24-4E21-A786-FA6645959075}"
	ProjectSection(SolutionItems) = preProject
		.gitignore = .gitignore
	EndProjectSection
EndProject
Global
	GlobalSection(SolutionConfigurationPlatforms) = preSolution
		Debug|Any CPU = Debug|Any CPU
		Release|Any CPU = Release|Any CPU
	EndGlobalSection
	GlobalSection(ProjectConfigurationPlatforms) = postSolution
		{20B0A94B-1429-48AD-A8DE-231BEBFC72C8}.Debug|Any CPU.ActiveCfg = Debug|Any CPU
		{20B0A94B-1429-48AD-A8DE-231BEBFC72C8}.Debug|Any CPU.Build.0 = Debug|Any CPU
		{20B0A94B-1429-48AD-A8DE-231BEBFC72C8}.Release|Any CPU.ActiveCfg = Release|Any CPU
		{20B0A94B-1429-48AD-A8DE-231BEBFC72C8}.Release|Any CPU.Build.0 = Release|Any CPU
		{A4E00AA6-77CE-432B-B9A7-2272F6615746}.Debug|Any CPU.ActiveCfg = Debug|Any CPU
		{A4E00AA6-77CE-432B-B9A7-2272F6615746}.Debug|Any CPU.Build.0 = Debug|Any CPU
		{A4E00AA6-77CE-432B-B9A7-2272F6615746}.Release|Any CPU.ActiveCfg = Release|Any CPU
		{A4E00AA6-77CE-432B-B9A7-2272F6615746}.Release|Any CPU.Build.0 = Release|Any CPU
		{C833019C-C702-4591-AE15-408AC026CE17}.Debug|Any CPU.ActiveCfg = Debug|Any CPU
		{C833019C-C702-4591-AE15-408AC026CE17}.Debug|Any CPU.Build.0 = Debug|Any CPU
		{C833019C-C702-4591-AE15-408AC026CE17}.Release|Any CPU.ActiveCfg = Release|Any CPU
		{C833019C-C702-4591-AE15-408AC026CE17}.Release|Any CPU.Build.0 = Release|Any CPU
	EndGlobalSection
	GlobalSection(SolutionProperties) = preSolution
		HideSolutionNode = FALSE
	EndGlobalSection
	GlobalSection(ExtensibilityGlobals) = postSolution
		SolutionGuid = {F1F627A0-2D9A-4ED3-84AF-D70DF656686E}
	EndGlobalSection
EndGlobal
